// !$*UTF8*$!
{
	archiveVersion = 1;
	classes = {
	};
	objectVersion = 46;
	objects = {

/* Begin PBXBuildFile section */
		CF1D19CC1C54395E002FC8B2 /* RecordedAudio.swift in Sources */ = {isa = PBXBuildFile; fileRef = CF1D19CB1C54395E002FC8B2 /* RecordedAudio.swift */; };
		CFE6D4321C41B2F0005907DE /* PlaySoundsViewController.swift in Sources */ = {isa = PBXBuildFile; fileRef = CFE6D4311C41B2F0005907DE /* PlaySoundsViewController.swift */; };
		CFE6D43A1C43207A005907DE /* cbfriend.mp3 in Resources */ = {isa = PBXBuildFile; fileRef = CFE6D4391C43207A005907DE /* cbfriend.mp3 */; };
		CFFDDED51C11290E00D3CFEF /* AppDelegate.swift in Sources */ = {isa = PBXBuildFile; fileRef = CFFDDED41C11290E00D3CFEF /* AppDelegate.swift */; };
		CFFDDED71C11290E00D3CFEF /* RecordSoundsViewController.swift in Sources */ = {isa = PBXBuildFile; fileRef = CFFDDED61C11290E00D3CFEF /* RecordSoundsViewController.swift */; };
		CFFDDEDA1C11290E00D3CFEF /* Main.storyboard in Resources */ = {isa = PBXBuildFile; fileRef = CFFDDED81C11290E00D3CFEF /* Main.storyboard */; };
		CFFDDEDC1C11290E00D3CFEF /* Assets.xcassets in Resources */ = {isa = PBXBuildFile; fileRef = CFFDDEDB1C11290E00D3CFEF /* Assets.xcassets */; };
		CFFDDEDF1C11290E00D3CFEF /* LaunchScreen.storyboard in Resources */ = {isa = PBXBuildFile; fileRef = CFFDDEDD1C11290E00D3CFEF /* LaunchScreen.storyboard */; };
		CFFDDEEA1C11290E00D3CFEF /* Pitch_PerfectTests.swift in Sources */ = {isa = PBXBuildFile; fileRef = CFFDDEE91C11290E00D3CFEF /* Pitch_PerfectTests.swift */; };
		CFFDDEF51C11290E00D3CFEF /* Pitch_PerfectUITests.swift in Sources */ = {isa = PBXBuildFile; fileRef = CFFDDEF41C11290E00D3CFEF /* Pitch_PerfectUITests.swift */; };
/* End PBXBuildFile section */

/* Begin PBXContainerItemProxy section */
		CFFDDEE61C11290E00D3CFEF /* PBXContainerItemProxy */ = {
			isa = PBXContainerItemProxy;
			containerPortal = CFFDDEC91C11290E00D3CFEF /* Project object */;
			proxyType = 1;
			remoteGlobalIDString = CFFDDED01C11290E00D3CFEF;
			remoteInfo = "Pitch Perfect";
		};
		CFFDDEF11C11290E00D3CFEF /* PBXContainerItemProxy */ = {
			isa = PBXContainerItemProxy;
			containerPortal = CFFDDEC91C11290E00D3CFEF /* Project object */;
			proxyType = 1;
			remoteGlobalIDString = CFFDDED01C11290E00D3CFEF;
			remoteInfo = "Pitch Perfect";
		};
/* End PBXContainerItemProxy section */

/* Begin PBXFileReference section */
		CF1D19CB1C54395E002FC8B2 /* RecordedAudio.swift */ = {isa = PBXFileReference; fileEncoding = 4; lastKnownFileType = sourcecode.swift; path = RecordedAudio.swift; sourceTree = "<group>"; };
		CFE6D4311C41B2F0005907DE /* PlaySoundsViewController.swift */ = {isa = PBXFileReference; fileEncoding = 4; lastKnownFileType = sourcecode.swift; path = PlaySoundsViewController.swift; sourceTree = "<group>"; };
		CFE6D4391C43207A005907DE /* cbfriend.mp3 */ = {isa = PBXFileReference; lastKnownFileType = audio.mp3; name = cbfriend.mp3; path = ../cbfriend.mp3; sourceTree = "<group>"; };
		CFFDDED11C11290E00D3CFEF /* Pitch Perfect.app */ = {isa = PBXFileReference; explicitFileType = wrapper.application; includeInIndex = 0; path = "Pitch Perfect.app"; sourceTree = BUILT_PRODUCTS_DIR; };
		CFFDDED41C11290E00D3CFEF /* AppDelegate.swift */ = {isa = PBXFileReference; lastKnownFileType = sourcecode.swift; path = AppDelegate.swift; sourceTree = "<group>"; };
		CFFDDED61C11290E00D3CFEF /* RecordSoundsViewController.swift */ = {isa = PBXFileReference; lastKnownFileType = sourcecode.swift; path = RecordSoundsViewController.swift; sourceTree = "<group>"; };
		CFFDDED91C11290E00D3CFEF /* Base */ = {isa = PBXFileReference; lastKnownFileType = file.storyboard; name = Base; path = Base.lproj/Main.storyboard; sourceTree = "<group>"; };
		CFFDDEDB1C11290E00D3CFEF /* Assets.xcassets */ = {isa = PBXFileReference; lastKnownFileType = folder.assetcatalog; path = Assets.xcassets; sourceTree = "<group>"; };
		CFFDDEDE1C11290E00D3CFEF /* Base */ = {isa = PBXFileReference; lastKnownFileType = file.storyboard; name = Base; path = Base.lproj/LaunchScreen.storyboard; sourceTree = "<group>"; };
		CFFDDEE01C11290E00D3CFEF /* Info.plist */ = {isa = PBXFileReference; lastKnownFileType = text.plist.xml; path = Info.plist; sourceTree = "<group>"; };
		CFFDDEE51C11290E00D3CFEF /* Pitch PerfectTests.xctest */ = {isa = PBXFileReference; explicitFileType = wrapper.cfbundle; includeInIndex = 0; path = "Pitch PerfectTests.xctest"; sourceTree = BUILT_PRODUCTS_DIR; };
		CFFDDEE91C11290E00D3CFEF /* Pitch_PerfectTests.swift */ = {isa = PBXFileReference; lastKnownFileType = sourcecode.swift; path = Pitch_PerfectTests.swift; sourceTree = "<group>"; };
		CFFDDEEB1C11290E00D3CFEF /* Info.plist */ = {isa = PBXFileReference; lastKnownFileType = text.plist.xml; path = Info.plist; sourceTree = "<group>"; };
		CFFDDEF01C11290E00D3CFEF /* Pitch PerfectUITests.xctest */ = {isa = PBXFileReference; explicitFileType = wrapper.cfbundle; includeInIndex = 0; path = "Pitch PerfectUITests.xctest"; sourceTree = BUILT_PRODUCTS_DIR; };
		CFFDDEF41C11290E00D3CFEF /* Pitch_PerfectUITests.swift */ = {isa = PBXFileReference; lastKnownFileType = sourcecode.swift; path = Pitch_PerfectUITests.swift; sourceTree = "<group>"; };
		CFFDDEF61C11290E00D3CFEF /* Info.plist */ = {isa = PBXFileReference; lastKnownFileType = text.plist.xml; path = Info.plist; sourceTree = "<group>"; };
/* End PBXFileReference section */

/* Begin PBXFrameworksBuildPhase section */
		CFFDDECE1C11290E00D3CFEF /* Frameworks */ = {
			isa = PBXFrameworksBuildPhase;
			buildActionMask = 2147483647;
			files = (
			);
			runOnlyForDeploymentPostprocessing = 0;
		};
		CFFDDEE21C11290E00D3CFEF /* Frameworks */ = {
			isa = PBXFrameworksBuildPhase;
			buildActionMask = 2147483647;
			files = (
			);
			runOnlyForDeploymentPostprocessing = 0;
		};
		CFFDDEED1C11290E00D3CFEF /* Frameworks */ = {
			isa = PBXFrameworksBuildPhase;
			buildActionMask = 2147483647;
			files = (
			);
			runOnlyForDeploymentPostprocessing = 0;
		};
/* End PBXFrameworksBuildPhase section */

/* Begin PBXGroup section */
		CFE6D43B1C43209F005907DE /* Supporting Files */ = {
			isa = PBXGroup;
			children = (
				CFE6D4391C43207A005907DE /* cbfriend.mp3 */,
				CFFDDEE01C11290E00D3CFEF /* Info.plist */,
			);
			name = "Supporting Files";
			sourceTree = "<group>";
		};
		CFFDDEC81C11290E00D3CFEF = {
			isa = PBXGroup;
			children = (
				CFFDDED31C11290E00D3CFEF /* Pitch Perfect */,
				CFFDDEE81C11290E00D3CFEF /* Pitch PerfectTests */,
				CFFDDEF31C11290E00D3CFEF /* Pitch PerfectUITests */,
				CFFDDED21C11290E00D3CFEF /* Products */,
			);
			sourceTree = "<group>";
		};
		CFFDDED21C11290E00D3CFEF /* Products */ = {
			isa = PBXGroup;
			children = (
				CFFDDED11C11290E00D3CFEF /* Pitch Perfect.app */,
				CFFDDEE51C11290E00D3CFEF /* Pitch PerfectTests.xctest */,
				CFFDDEF01C11290E00D3CFEF /* Pitch PerfectUITests.xctest */,
			);
			name = Products;
			sourceTree = "<group>";
		};
		CFFDDED31C11290E00D3CFEF /* Pitch Perfect */ = {
			isa = PBXGroup;
			children = (
				CFE6D4311C41B2F0005907DE /* PlaySoundsViewController.swift */,
				CFFDDED41C11290E00D3CFEF /* AppDelegate.swift */,
				CFFDDED61C11290E00D3CFEF /* RecordSoundsViewController.swift */,
				CF1D19CB1C54395E002FC8B2 /* RecordedAudio.swift */,
				CFFDDED81C11290E00D3CFEF /* Main.storyboard */,
				CFFDDEDB1C11290E00D3CFEF /* Assets.xcassets */,
				CFFDDEDD1C11290E00D3CFEF /* LaunchScreen.storyboard */,
				CFE6D43B1C43209F005907DE /* Supporting Files */,
			);
			path = "Pitch Perfect";
			sourceTree = "<group>";
		};
		CFFDDEE81C11290E00D3CFEF /* Pitch PerfectTests */ = {
			isa = PBXGroup;
			children = (
				CFFDDEE91C11290E00D3CFEF /* Pitch_PerfectTests.swift */,
				CFFDDEEB1C11290E00D3CFEF /* Info.plist */,
			);
			path = "Pitch PerfectTests";
			sourceTree = "<group>";
		};
		CFFDDEF31C11290E00D3CFEF /* Pitch PerfectUITests */ = {
			isa = PBXGroup;
			children = (
				CFFDDEF41C11290E00D3CFEF /* Pitch_PerfectUITests.swift */,
				CFFDDEF61C11290E00D3CFEF /* Info.plist */,
			);
			path = "Pitch PerfectUITests";
			sourceTree = "<group>";
		};
/* End PBXGroup section */

/* Begin PBXNativeTarget section */
		CFFDDED01C11290E00D3CFEF /* Pitch Perfect */ = {
			isa = PBXNativeTarget;
			buildConfigurationList = CFFDDEF91C11290E00D3CFEF /* Build configuration list for PBXNativeTarget "Pitch Perfect" */;
			buildPhases = (
				CFFDDECD1C11290E00D3CFEF /* Sources */,
				CFFDDECE1C11290E00D3CFEF /* Frameworks */,
				CFFDDECF1C11290E00D3CFEF /* Resources */,
			);
			buildRules = (
			);
			dependencies = (
			);
			name = "Pitch Perfect";
			productName = "Pitch Perfect";
			productReference = CFFDDED11C11290E00D3CFEF /* Pitch Perfect.app */;
			productType = "com.apple.product-type.application";
		};
		CFFDDEE41C11290E00D3CFEF /* Pitch PerfectTests */ = {
			isa = PBXNativeTarget;
			buildConfigurationList = CFFDDEFC1C11290E00D3CFEF /* Build configuration list for PBXNativeTarget "Pitch PerfectTests" */;
			buildPhases = (
				CFFDDEE11C11290E00D3CFEF /* Sources */,
				CFFDDEE21C11290E00D3CFEF /* Frameworks */,
				CFFDDEE31C11290E00D3CFEF /* Resources */,
			);
			buildRules = (
			);
			dependencies = (
				CFFDDEE71C11290E00D3CFEF /* PBXTargetDependency */,
			);
			name = "Pitch PerfectTests";
			productName = "Pitch PerfectTests";
			productReference = CFFDDEE51C11290E00D3CFEF /* Pitch PerfectTests.xctest */;
			productType = "com.apple.product-type.bundle.unit-test";
		};
		CFFDDEEF1C11290E00D3CFEF /* Pitch PerfectUITests */ = {
			isa = PBXNativeTarget;
			buildConfigurationList = CFFDDEFF1C11290E00D3CFEF /* Build configuration list for PBXNativeTarget "Pitch PerfectUITests" */;
			buildPhases = (
				CFFDDEEC1C11290E00D3CFEF /* Sources */,
				CFFDDEED1C11290E00D3CFEF /* Frameworks */,
				CFFDDEEE1C11290E00D3CFEF /* Resources */,
			);
			buildRules = (
			);
			dependencies = (
				CFFDDEF21C11290E00D3CFEF /* PBXTargetDependency */,
			);
			name = "Pitch PerfectUITests";
			productName = "Pitch PerfectUITests";
			productReference = CFFDDEF01C11290E00D3CFEF /* Pitch PerfectUITests.xctest */;
			productType = "com.apple.product-type.bundle.ui-testing";
		};
/* End PBXNativeTarget section */

/* Begin PBXProject section */
		CFFDDEC91C11290E00D3CFEF /* Project object */ = {
			isa = PBXProject;
			attributes = {
				LastSwiftUpdateCheck = 0710;
				LastUpgradeCheck = 0710;
				ORGANIZATIONNAME = "Sydney Mercier";
				TargetAttributes = {
					CFFDDED01C11290E00D3CFEF = {
						CreatedOnToolsVersion = 7.1.1;
						DevelopmentTeam = 7M4S8R65LR;
					};
					CFFDDEE41C11290E00D3CFEF = {
						CreatedOnToolsVersion = 7.1.1;
						TestTargetID = CFFDDED01C11290E00D3CFEF;
					};
					CFFDDEEF1C11290E00D3CFEF = {
						CreatedOnToolsVersion = 7.1.1;
						TestTargetID = CFFDDED01C11290E00D3CFEF;
					};
				};
			};
			buildConfigurationList = CFFDDECC1C11290E00D3CFEF /* Build configuration list for PBXProject "Pitch Perfect" */;
			compatibilityVersion = "Xcode 3.2";
			developmentRegion = English;
			hasScannedForEncodings = 0;
			knownRegions = (
				en,
				Base,
			);
			mainGroup = CFFDDEC81C11290E00D3CFEF;
			productRefGroup = CFFDDED21C11290E00D3CFEF /* Products */;
			projectDirPath = "";
			projectRoot = "";
			targets = (
				CFFDDED01C11290E00D3CFEF /* Pitch Perfect */,
				CFFDDEE41C11290E00D3CFEF /* Pitch PerfectTests */,
				CFFDDEEF1C11290E00D3CFEF /* Pitch PerfectUITests */,
			);
		};
/* End PBXProject section */

/* Begin PBXResourcesBuildPhase section */
		CFFDDECF1C11290E00D3CFEF /* Resources */ = {
			isa = PBXResourcesBuildPhase;
			buildActionMask = 2147483647;
			files = (
				CFFDDEDF1C11290E00D3CFEF /* LaunchScreen.storyboard in Resources */,
				CFFDDEDC1C11290E00D3CFEF /* Assets.xcassets in Resources */,
				CFFDDEDA1C11290E00D3CFEF /* Main.storyboard in Resources */,
				CFE6D43A1C43207A005907DE /* cbfriend.mp3 in Resources */,
			);
			runOnlyForDeploymentPostprocessing = 0;
		};
		CFFDDEE31C11290E00D3CFEF /* Resources */ = {
			isa = PBXResourcesBuildPhase;
			buildActionMask = 2147483647;
			files = (
			);
			runOnlyForDeploymentPostprocessing = 0;
		};
		CFFDDEEE1C11290E00D3CFEF /* Resources */ = {
			isa = PBXResourcesBuildPhase;
			buildActionMask = 2147483647;
			files = (
			);
			runOnlyForDeploymentPostprocessing = 0;
		};
/* End PBXResourcesBuildPhase section */

/* Begin PBXSourcesBuildPhase section */
		CFFDDECD1C11290E00D3CFEF /* Sources */ = {
			isa = PBXSourcesBuildPhase;
			buildActionMask = 2147483647;
			files = (
				CF1D19CC1C54395E002FC8B2 /* RecordedAudio.swift in Sources */,
				CFFDDED71C11290E00D3CFEF /* RecordSoundsViewController.swift in Sources */,
				CFE6D4321C41B2F0005907DE /* PlaySoundsViewController.swift in Sources */,
				CFFDDED51C11290E00D3CFEF /* AppDelegate.swift in Sources */,
			);
			runOnlyForDeploymentPostprocessing = 0;
		};
		CFFDDEE11C11290E00D3CFEF /* Sources */ = {
			isa = PBXSourcesBuildPhase;
			buildActionMask = 2147483647;
			files = (
				CFFDDEEA1C11290E00D3CFEF /* Pitch_PerfectTests.swift in Sources */,
			);
			runOnlyForDeploymentPostprocessing = 0;
		};
		CFFDDEEC1C11290E00D3CFEF /* Sources */ = {
			isa = PBXSourcesBuildPhase;
			buildActionMask = 2147483647;
			files = (
				CFFDDEF51C11290E00D3CFEF /* Pitch_PerfectUITests.swift in Sources */,
			);
			runOnlyForDeploymentPostprocessing = 0;
		};
/* End PBXSourcesBuildPhase section */

/* Begin PBXTargetDependency section */
		CFFDDEE71C11290E00D3CFEF /* PBXTargetDependency */ = {
			isa = PBXTargetDependency;
			target = CFFDDED01C11290E00D3CFEF /* Pitch Perfect */;
			targetProxy = CFFDDEE61C11290E00D3CFEF /* PBXContainerItemProxy */;
		};
		CFFDDEF21C11290E00D3CFEF /* PBXTargetDependency */ = {
			isa = PBXTargetDependency;
			target = CFFDDED01C11290E00D3CFEF /* Pitch Perfect */;
			targetProxy = CFFDDEF11C11290E00D3CFEF /* PBXContainerItemProxy */;
		};
/* End PBXTargetDependency section */

/* Begin PBXVariantGroup section */
		CFFDDED81C11290E00D3CFEF /* Main.storyboard */ = {
			isa = PBXVariantGroup;
			children = (
				CFFDDED91C11290E00D3CFEF /* Base */,
			);
			name = Main.storyboard;
			sourceTree = "<group>";
		};
		CFFDDEDD1C11290E00D3CFEF /* LaunchScreen.storyboard */ = {
			isa = PBXVariantGroup;
			children = (
				CFFDDEDE1C11290E00D3CFEF /* Base */,
			);
			name = LaunchScreen.storyboard;
			sourceTree = "<group>";
		};
/* End PBXVariantGroup section */

/* Begin XCBuildConfiguration section */
		CFFDDEF71C11290E00D3CFEF /* Debug */ = {
			isa = XCBuildConfiguration;
			buildSettings = {
				ALWAYS_SEARCH_USER_PATHS = NO;
				CLANG_CXX_LANGUAGE_STANDARD = "gnu++0x";
				CLANG_CXX_LIBRARY = "libc++";
				CLANG_ENABLE_MODULES = YES;
				CLANG_ENABLE_OBJC_ARC = YES;
				CLANG_WARN_BOOL_CONVERSION = YES;
				CLANG_WARN_CONSTANT_CONVERSION = YES;
				CLANG_WARN_DIRECT_OBJC_ISA_USAGE = YES_ERROR;
				CLANG_WARN_EMPTY_BODY = YES;
				CLANG_WARN_ENUM_CONVERSION = YES;
				CLANG_WARN_INT_CONVERSION = YES;
				CLANG_WARN_OBJC_ROOT_CLASS = YES_ERROR;
				CLANG_WARN_UNREACHABLE_CODE = YES;
				CLANG_WARN__DUPLICATE_METHOD_MATCH = YES;
				"CODE_SIGN_IDENTITY[sdk=iphoneos*]" = "iPhone Developer";
				COPY_PHASE_STRIP = NO;
				DEBUG_INFORMATION_FORMAT = dwarf;
				ENABLE_STRICT_OBJC_MSGSEND = YES;
				ENABLE_TESTABILITY = YES;
				GCC_C_LANGUAGE_STANDARD = gnu99;
				GCC_DYNAMIC_NO_PIC = NO;
				GCC_NO_COMMON_BLOCKS = YES;
				GCC_OPTIMIZATION_LEVEL = 0;
				GCC_PREPROCESSOR_DEFINITIONS = (
					"DEBUG=1",
					"$(inherited)",
				);
				GCC_WARN_64_TO_32_BIT_CONVERSION = YES;
				GCC_WARN_ABOUT_RETURN_TYPE = YES_ERROR;
				GCC_WARN_UNDECLARED_SELECTOR = YES;
				GCC_WARN_UNINITIALIZED_AUTOS = YES_AGGRESSIVE;
				GCC_WARN_UNUSED_FUNCTION = YES;
				GCC_WARN_UNUSED_VARIABLE = YES;
				IPHONEOS_DEPLOYMENT_TARGET = 9.1;
				MTL_ENABLE_DEBUG_INFO = YES;
				ONLY_ACTIVE_ARCH = YES;
				SDKROOT = iphoneos;
				SWIFT_OPTIMIZATION_LEVEL = "-Onone";
			};
			name = Debug;
		};
		CFFDDEF81C11290E00D3CFEF /* Release */ = {
			isa = XCBuildConfiguration;
			buildSettings = {
				ALWAYS_SEARCH_USER_PATHS = NO;
				CLANG_CXX_LANGUAGE_STANDARD = "gnu++0x";
				CLANG_CXX_LIBRARY = "libc++";
				CLANG_ENABLE_MODULES = YES;
				CLANG_ENABLE_OBJC_ARC = YES;
				CLANG_WARN_BOOL_CONVERSION = YES;
				CLANG_WARN_CONSTANT_CONVERSION = YES;
				CLANG_WARN_DIRECT_OBJC_ISA_USAGE = YES_ERROR;
				CLANG_WARN_EMPTY_BODY = YES;
				CLANG_WARN_ENUM_CONVERSION = YES;
				CLANG_WARN_INT_CONVERSION = YES;
				CLANG_WARN_OBJC_ROOT_CLASS = YES_ERROR;
				CLANG_WARN_UNREACHABLE_CODE = YES;
				CLANG_WARN__DUPLICATE_METHOD_MATCH = YES;
				"CODE_SIGN_IDENTITY[sdk=iphoneos*]" = "iPhone Developer";
				COPY_PHASE_STRIP = NO;
				DEBUG_INFORMATION_FORMAT = "dwarf-with-dsym";
				ENABLE_NS_ASSERTIONS = NO;
				ENABLE_STRICT_OBJC_MSGSEND = YES;
				GCC_C_LANGUAGE_STANDARD = gnu99;
				GCC_NO_COMMON_BLOCKS = YES;
				GCC_WARN_64_TO_32_BIT_CONVERSION = YES;
				GCC_WARN_ABOUT_RETURN_TYPE = YES_ERROR;
				GCC_WARN_UNDECLARED_SELECTOR = YES;
				GCC_WARN_UNINITIALIZED_AUTOS = YES_AGGRESSIVE;
				GCC_WARN_UNUSED_FUNCTION = YES;
				GCC_WARN_UNUSED_VARIABLE = YES;
				IPHONEOS_DEPLOYMENT_TARGET = 9.1;
				MTL_ENABLE_DEBUG_INFO = NO;
				SDKROOT = iphoneos;
				VALIDATE_PRODUCT = YES;
			};
			name = Release;
		};
		CFFDDEFA1C11290E00D3CFEF /* Debug */ = {
			isa = XCBuildConfiguration;
			buildSettings = {
				ASSETCATALOG_COMPILER_APPICON_NAME = AppIcon;
				CODE_SIGN_IDENTITY = "iPhone Developer";
				"CODE_SIGN_IDENTITY[sdk=iphoneos*]" = "iPhone Developer";
				INFOPLIST_FILE = "Pitch Perfect/Info.plist";
				IPHONEOS_DEPLOYMENT_TARGET = 9.0;
				LD_RUNPATH_SEARCH_PATHS = "$(inherited) @executable_path/Frameworks";
				PRODUCT_BUNDLE_IDENTIFIER = "com.smercier.Pitch-Perfect";
				PRODUCT_NAME = "$(TARGET_NAME)";
				PROVISIONING_PROFILE = "";
			};
			name = Debug;
		};
		CFFDDEFB1C11290E00D3CFEF /* Release */ = {
			isa = XCBuildConfiguration;
			buildSettings = {
				ASSETCATALOG_COMPILER_APPICON_NAME = AppIcon;
				CODE_SIGN_IDENTITY = "iPhone Developer";
				"CODE_SIGN_IDENTITY[sdk=iphoneos*]" = "iPhone Developer";
				INFOPLIST_FILE = "Pitch Perfect/Info.plist";
				IPHONEOS_DEPLOYMENT_TARGET = 9.0;
				LD_RUNPATH_SEARCH_PATHS = "$(inherited) @executable_path/Frameworks";
				PRODUCT_BUNDLE_IDENTIFIER = "com.smercier.Pitch-Perfect";
				PRODUCT_NAME = "$(TARGET_NAME)";
				PROVISIONING_PROFILE = "";
			};
			name = Release;
		};
		CFFDDEFD1C11290E00D3CFEF /* Debug */ = {
			isa = XCBuildConfiguration;
			buildSettings = {
				BUNDLE_LOADER = "$(TEST_HOST)";
				INFOPLIST_FILE = "Pitch PerfectTests/Info.plist";
				LD_RUNPATH_SEARCH_PATHS = "$(inherited) @executable_path/Frameworks @loader_path/Frameworks";
				PRODUCT_BUNDLE_IDENTIFIER = "com.smercier.Pitch-PerfectTests";
				PRODUCT_NAME = "$(TARGET_NAME)";
				TEST_HOST = "$(BUILT_PRODUCTS_DIR)/Pitch Perfect.app/Pitch Perfect";
			};
			name = Debug;
		};
		CFFDDEFE1C11290E00D3CFEF /* Release */ = {
			isa = XCBuildConfiguration;
			buildSettings = {
				BUNDLE_LOADER = "$(TEST_HOST)";
				INFOPLIST_FILE = "Pitch PerfectTests/Info.plist";
				LD_RUNPATH_SEARCH_PATHS = "$(inherited) @executable_path/Frameworks @loader_path/Frameworks";
				PRODUCT_BUNDLE_IDENTIFIER = "com.smercier.Pitch-PerfectTests";
				PRODUCT_NAME = "$(TARGET_NAME)";
				TEST_HOST = "$(BUILT_PRODUCTS_DIR)/Pitch Perfect.app/Pitch Perfect";
			};
			name = Release;
		};
		CFFDDF001C11290E00D3CFEF /* Debug */ = {
			isa = XCBuildConfiguration;
			buildSettings = {
				INFOPLIST_FILE = "Pitch PerfectUITests/Info.plist";
				LD_RUNPATH_SEARCH_PATHS = "$(inherited) @executable_path/Frameworks @loader_path/Frameworks";
				PRODUCT_BUNDLE_IDENTIFIER = "com.smercier.Pitch-PerfectUITests";
				PRODUCT_NAME = "$(TARGET_NAME)";
				TEST_TARGET_NAME = "Pitch Perfect";
				USES_XCTRUNNER = YES;
			};
			name = Debug;
		};
		CFFDDF011C11290E00D3CFEF /* Release */ = {
			isa = XCBuildConfiguration;
			buildSettings = {
				INFOPLIST_FILE = "Pitch PerfectUITests/Info.plist";
				LD_RUNPATH_SEARCH_PATHS = "$(inherited) @executable_path/Frameworks @loader_path/Frameworks";
				PRODUCT_BUNDLE_IDENTIFIER = "com.smercier.Pitch-PerfectUITests";
				PRODUCT_NAME = "$(TARGET_NAME)";
				TEST_TARGET_NAME = "Pitch Perfect";
				USES_XCTRUNNER = YES;
			};
			name = Release;
		};
/* End XCBuildConfiguration section */

/* Begin XCConfigurationList section */
		CFFDDECC1C11290E00D3CFEF /* Build configuration list for PBXProject "Pitch Perfect" */ = {
			isa = XCConfigurationList;
			buildConfigurations = (
				CFFDDEF71C11290E00D3CFEF /* Debug */,
				CFFDDEF81C11290E00D3CFEF /* Release */,
			);
			defaultConfigurationIsVisible = 0;
			defaultConfigurationName = Release;
		};
		CFFDDEF91C11290E00D3CFEF /* Build configuration list for PBXNativeTarget "Pitch Perfect" */ = {
			isa = XCConfigurationList;
			buildConfigurations = (
				CFFDDEFA1C11290E00D3CFEF /* Debug */,
				CFFDDEFB1C11290E00D3CFEF /* Release */,
			);
			defaultConfigurationIsVisible = 0;
			defaultConfigurationName = Release;
		};
		CFFDDEFC1C11290E00D3CFEF /* Build configuration list for PBXNativeTarget "Pitch PerfectTests" */ = {
			isa = XCConfigurationList;
			buildConfigurations = (
				CFFDDEFD1C11290E00D3CFEF /* Debug */,
				CFFDDEFE1C11290E00D3CFEF /* Release */,
			);
			defaultConfigurationIsVisible = 0;
			defaultConfigurationName = Release;
		};
		CFFDDEFF1C11290E00D3CFEF /* Build configuration list for PBXNativeTarget "Pitch PerfectUITests" */ = {
			isa = XCConfigurationList;
			buildConfigurations = (
				CFFDDF001C11290E00D3CFEF /* Debug */,
				CFFDDF011C11290E00D3CFEF /* Release */,
			);
			defaultConfigurationIsVisible = 0;
			defaultConfigurationName = Release;
		};
/* End XCConfigurationList section */
	};
	rootObject = CFFDDEC91C11290E00D3CFEF /* Project object */;
}
